
Microsoft Visual Studio Solution File, Format Version 12.00
# Visual Studio Version 17
VisualStudioVersion = 17.6.33815.320
MinimumVisualStudioVersion = 10.0.40219.1
Project("{FAE04EC0-301F-11D3-BF4B-00C04F79EFBC}") = "PS3", "PS3\PS3.csproj", "{D35E60CE-C7C6-4AED-8390-56BA3AFE848D}"
EndProject
Global
	GlobalSection(SolutionConfigurationPlatforms) = preSolution
		Debug|Any CPU = Debug|Any CPU
		Release|Any CPU = Release|Any CPU
	EndGlobalSection
	GlobalSection(ProjectConfigurationPlatforms) = postSolution
		{D35E60CE-C7C6-4AED-8390-56BA3AFE848D}.Debug|Any CPU.ActiveCfg = Debug|Any CPU
		{D35E60CE-C7C6-4AED-8390-56BA3AFE848D}.Debug|Any CPU.Build.0 = Debug|Any CPU
		{D35E60CE-C7C6-4AED-8390-56BA3AFE848D}.Release|Any CPU.ActiveCfg = Release|Any CPU
		{D35E60CE-C7C6-4AED-8390-56BA3AFE848D}.Release|Any CPU.Build.0 = Release|Any CPU
	EndGlobalSection
	GlobalSection(SolutionProperties) = preSolution
		HideSolutionNode = FALSE
	EndGlobalSection
	GlobalSection(ExtensibilityGlobals) = postSolution
		SolutionGuid = {01FC5141-7394-4F8B-89BA-57BFF6909EF6}
	EndGlobalSection
EndGlobal
